
Microsoft Visual Studio Solution File, Format Version 12.00
Project("{FAE04EC0-301F-11D3-BF4B-00C04F79EFBC}") = "ElenaNovikovaPsychologistWebUI", "ElenaNovikovaPsychologistWebUI\ElenaNovikovaPsychologistWebUI.csproj", "{0612138C-FE8F-4FDD-9815-7C3FF67EE76E}"
EndProject
Global
	GlobalSection(SolutionConfigurationPlatforms) = preSolution
		Debug|Any CPU = Debug|Any CPU
		Release|Any CPU = Release|Any CPU
	EndGlobalSection
	GlobalSection(ProjectConfigurationPlatforms) = postSolution
		{0612138C-FE8F-4FDD-9815-7C3FF67EE76E}.Debug|Any CPU.ActiveCfg = Debug|Any CPU
		{0612138C-FE8F-4FDD-9815-7C3FF67EE76E}.Debug|Any CPU.Build.0 = Debug|Any CPU
		{0612138C-FE8F-4FDD-9815-7C3FF67EE76E}.Release|Any CPU.ActiveCfg = Release|Any CPU
		{0612138C-FE8F-4FDD-9815-7C3FF67EE76E}.Release|Any CPU.Build.0 = Release|Any CPU
	EndGlobalSection
EndGlobal
